
Microsoft Visual Studio Solution File, Format Version 12.00
# Visual Studio Version 16
VisualStudioVersion = 16.0.30011.22
MinimumVisualStudioVersion = 10.0.40219.1
Project("{2150E333-8FDC-42A3-9474-1A3956D46DE8}") = "Work", "Work", "{3D47FF4C-6B0E-4FB2-84D7-8B793E27DE8C}"
EndProject
Project("{9A19103F-16F7-4668-BE54-9A1E7A4F7556}") = "HomeWork", "..\HomeWork\HomeWork\HomeWork.csproj", "{B734D413-CA55-4979-9927-EF700F4EE97D}"
EndProject
Project("{9A19103F-16F7-4668-BE54-9A1E7A4F7556}") = "HomeWork", "Work2\HomeWork.csproj", "{67C7B57B-0976-4E71-9701-6612AEEE4076}"
EndProject
Project("{2150E333-8FDC-42A3-9474-1A3956D46DE8}") = "Work2", "Work2", "{FECE8936-4175-46BC-8B4E-B8B4CA09680D}"
EndProject
Project("{2150E333-8FDC-42A3-9474-1A3956D46DE8}") = "Work3", "Work3", "{3A4C113F-21D3-4BD8-A634-1947CB62C8DB}"
EndProject
Project("{9A19103F-16F7-4668-BE54-9A1E7A4F7556}") = "Matrix", "Matrix\Matrix.csproj", "{4D38CBBD-F12F-4462-9B3F-64435CE081F8}"
EndProject
Global
	GlobalSection(SolutionConfigurationPlatforms) = preSolution
		Debug|Any CPU = Debug|Any CPU
		Release|Any CPU = Release|Any CPU
	EndGlobalSection
	GlobalSection(ProjectConfigurationPlatforms) = postSolution
		{B734D413-CA55-4979-9927-EF700F4EE97D}.Debug|Any CPU.ActiveCfg = Debug|Any CPU
		{B734D413-CA55-4979-9927-EF700F4EE97D}.Debug|Any CPU.Build.0 = Debug|Any CPU
		{B734D413-CA55-4979-9927-EF700F4EE97D}.Release|Any CPU.ActiveCfg = Release|Any CPU
		{B734D413-CA55-4979-9927-EF700F4EE97D}.Release|Any CPU.Build.0 = Release|Any CPU
		{67C7B57B-0976-4E71-9701-6612AEEE4076}.Debug|Any CPU.ActiveCfg = Debug|Any CPU
		{67C7B57B-0976-4E71-9701-6612AEEE4076}.Debug|Any CPU.Build.0 = Debug|Any CPU
		{67C7B57B-0976-4E71-9701-6612AEEE4076}.Release|Any CPU.ActiveCfg = Release|Any CPU
		{67C7B57B-0976-4E71-9701-6612AEEE4076}.Release|Any CPU.Build.0 = Release|Any CPU
		{4D38CBBD-F12F-4462-9B3F-64435CE081F8}.Debug|Any CPU.ActiveCfg = Debug|Any CPU
		{4D38CBBD-F12F-4462-9B3F-64435CE081F8}.Debug|Any CPU.Build.0 = Debug|Any CPU
		{4D38CBBD-F12F-4462-9B3F-64435CE081F8}.Release|Any CPU.ActiveCfg = Release|Any CPU
		{4D38CBBD-F12F-4462-9B3F-64435CE081F8}.Release|Any CPU.Build.0 = Release|Any CPU
	EndGlobalSection
	GlobalSection(SolutionProperties) = preSolution
		HideSolutionNode = FALSE
	EndGlobalSection
	GlobalSection(NestedProjects) = preSolution
		{B734D413-CA55-4979-9927-EF700F4EE97D} = {3D47FF4C-6B0E-4FB2-84D7-8B793E27DE8C}
		{67C7B57B-0976-4E71-9701-6612AEEE4076} = {FECE8936-4175-46BC-8B4E-B8B4CA09680D}
		{4D38CBBD-F12F-4462-9B3F-64435CE081F8} = {3A4C113F-21D3-4BD8-A634-1947CB62C8DB}
	EndGlobalSection
	GlobalSection(ExtensibilityGlobals) = postSolution
		SolutionGuid = {6CE69695-2389-49A4-A8B3-FCD865258688}
	EndGlobalSection
EndGlobal
